
Microsoft Visual Studio Solution File, Format Version 12.00
# Visual Studio Version 16
VisualStudioVersion = 16.0.29509.3
MinimumVisualStudioVersion = 10.0.40219.1
Project("{8BC9CEB8-8B4A-11D0-8D11-00A0C91BC942}") = "20191122", "20191122\20191122.vcxproj", "{7EC2A84C-AB66-461B-B0C6-5340DCA62A4B}"
EndProject
Global
	GlobalSection(SolutionConfigurationPlatforms) = preSolution
		Debug|x64 = Debug|x64
		Debug|x86 = Debug|x86
		Release|x64 = Release|x64
		Release|x86 = Release|x86
	EndGlobalSection
	GlobalSection(ProjectConfigurationPlatforms) = postSolution
		{7EC2A84C-AB66-461B-B0C6-5340DCA62A4B}.Debug|x64.ActiveCfg = Debug|x64
		{7EC2A84C-AB66-461B-B0C6-5340DCA62A4B}.Debug|x64.Build.0 = Debug|x64
		{7EC2A84C-AB66-461B-B0C6-5340DCA62A4B}.Debug|x86.ActiveCfg = Debug|Win32
		{7EC2A84C-AB66-461B-B0C6-5340DCA62A4B}.Debug|x86.Build.0 = Debug|Win32
		{7EC2A84C-AB66-461B-B0C6-5340DCA62A4B}.Release|x64.ActiveCfg = Release|x64
		{7EC2A84C-AB66-461B-B0C6-5340DCA62A4B}.Release|x64.Build.0 = Release|x64
		{7EC2A84C-AB66-461B-B0C6-5340DCA62A4B}.Release|x86.ActiveCfg = Release|Win32
		{7EC2A84C-AB66-461B-B0C6-5340DCA62A4B}.Release|x86.Build.0 = Release|Win32
	EndGlobalSection
	GlobalSection(SolutionProperties) = preSolution
		HideSolutionNode = FALSE
	EndGlobalSection
	GlobalSection(ExtensibilityGlobals) = postSolution
		SolutionGuid = {7E51DEA5-39DB-480F-A244-BBD47AE30C39}
	EndGlobalSection
EndGlobal
