
Microsoft Visual Studio Solution File, Format Version 12.00
# Visual Studio Version 16
VisualStudioVersion = 16.0.30611.23
MinimumVisualStudioVersion = 10.0.40219.1
Project("{8BC9CEB8-8B4A-11D0-8D11-00A0C91BC942}") = "4th", "4th.vcxproj", "{75F70A05-2455-4EA9-A888-CA08B4A8FC0C}"
EndProject
Global
	GlobalSection(SolutionConfigurationPlatforms) = preSolution
		Debug|x64 = Debug|x64
		Debug|x86 = Debug|x86
		Release|x64 = Release|x64
		Release|x86 = Release|x86
	EndGlobalSection
	GlobalSection(ProjectConfigurationPlatforms) = postSolution
		{75F70A05-2455-4EA9-A888-CA08B4A8FC0C}.Debug|x64.ActiveCfg = Debug|x64
		{75F70A05-2455-4EA9-A888-CA08B4A8FC0C}.Debug|x64.Build.0 = Debug|x64
		{75F70A05-2455-4EA9-A888-CA08B4A8FC0C}.Debug|x86.ActiveCfg = Debug|Win32
		{75F70A05-2455-4EA9-A888-CA08B4A8FC0C}.Debug|x86.Build.0 = Debug|Win32
		{75F70A05-2455-4EA9-A888-CA08B4A8FC0C}.Release|x64.ActiveCfg = Release|x64
		{75F70A05-2455-4EA9-A888-CA08B4A8FC0C}.Release|x64.Build.0 = Release|x64
		{75F70A05-2455-4EA9-A888-CA08B4A8FC0C}.Release|x86.ActiveCfg = Release|Win32
		{75F70A05-2455-4EA9-A888-CA08B4A8FC0C}.Release|x86.Build.0 = Release|Win32
	EndGlobalSection
	GlobalSection(SolutionProperties) = preSolution
		HideSolutionNode = FALSE
	EndGlobalSection
	GlobalSection(ExtensibilityGlobals) = postSolution
		SolutionGuid = {7A2E06ED-5CC6-42E5-877D-E8C81B7BFE00}
	EndGlobalSection
EndGlobal
